
Microsoft Visual Studio Solution File, Format Version 12.00
# Visual Studio 2012
Project("{D2ABAB84-BF74-430A-B69E-9DC6D40DDA17}") = "KNN", "KNN\KNN.dwproj", "{E7695B2B-5F08-4196-BA02-4EC15C701F0D}"
EndProject
Global
	GlobalSection(SolutionConfigurationPlatforms) = preSolution
		Development|Default = Development|Default
	EndGlobalSection
	GlobalSection(ProjectConfigurationPlatforms) = postSolution
		{E7695B2B-5F08-4196-BA02-4EC15C701F0D}.Development|Default.ActiveCfg = Development
		{E7695B2B-5F08-4196-BA02-4EC15C701F0D}.Development|Default.Build.0 = Development
		{E7695B2B-5F08-4196-BA02-4EC15C701F0D}.Development|Default.Deploy.0 = Development
	EndGlobalSection
	GlobalSection(SolutionProperties) = preSolution
		HideSolutionNode = FALSE
	EndGlobalSection
EndGlobal
