
Microsoft Visual Studio Solution File, Format Version 12.00
# Visual Studio 2012
Project("{159641D6-6404-4A2A-AE62-294DE0FE8301}") = "alldemo", "alldemo\alldemo.dtproj", "{2F9A3E3B-6561-454C-AAD5-7189429FECAD}"
EndProject
Global
	GlobalSection(SolutionConfigurationPlatforms) = preSolution
		Development|Default = Development|Default
	EndGlobalSection
	GlobalSection(ProjectConfigurationPlatforms) = postSolution
		{2F9A3E3B-6561-454C-AAD5-7189429FECAD}.Development|Default.ActiveCfg = Development
		{2F9A3E3B-6561-454C-AAD5-7189429FECAD}.Development|Default.Build.0 = Development
	EndGlobalSection
	GlobalSection(SolutionProperties) = preSolution
		HideSolutionNode = FALSE
	EndGlobalSection
EndGlobal
